
Microsoft Visual Studio Solution File, Format Version 12.00
# Visual Studio 14
VisualStudioVersion = 14.0.24720.0
MinimumVisualStudioVersion = 10.0.40219.1
Project("{FAE04EC0-301F-11D3-BF4B-00C04F79EFBC}") = "Asynchronous_I0_Operations", "Asynchronous_I0_Operations\Asynchronous_I0_Operations.csproj", "{9C1CFA2B-D376-4395-AC56-B0AE750721CD}"
EndProject
Global
	GlobalSection(SolutionConfigurationPlatforms) = preSolution
		Debug|Any CPU = Debug|Any CPU
		Release|Any CPU = Release|Any CPU
	EndGlobalSection
	GlobalSection(ProjectConfigurationPlatforms) = postSolution
		{9C1CFA2B-D376-4395-AC56-B0AE750721CD}.Debug|Any CPU.ActiveCfg = Debug|Any CPU
		{9C1CFA2B-D376-4395-AC56-B0AE750721CD}.Debug|Any CPU.Build.0 = Debug|Any CPU
		{9C1CFA2B-D376-4395-AC56-B0AE750721CD}.Release|Any CPU.ActiveCfg = Release|Any CPU
		{9C1CFA2B-D376-4395-AC56-B0AE750721CD}.Release|Any CPU.Build.0 = Release|Any CPU
	EndGlobalSection
	GlobalSection(SolutionProperties) = preSolution
		HideSolutionNode = FALSE
	EndGlobalSection
EndGlobal
